
Microsoft Visual Studio Solution File, Format Version 12.00
# Visual Studio Version 16
VisualStudioVersion = 16.0.31729.503
MinimumVisualStudioVersion = 10.0.40219.1
Project("{9A19103F-16F7-4668-BE54-9A1E7A4F7556}") = "WebApplication1", "WebApplication1\WebApplication1.csproj", "{202FB5E3-8544-4021-8C66-C69D3E03EC40}"
EndProject
Project("{FAE04EC0-301F-11D3-BF4B-00C04F79EFBC}") = "FirstTest", "FirstTest\FirstTest.csproj", "{348CDF05-2E4C-4A92-B7DD-1881BB25E700}"
EndProject
Global
	GlobalSection(SolutionConfigurationPlatforms) = preSolution
		Debug|Any CPU = Debug|Any CPU
		Release|Any CPU = Release|Any CPU
	EndGlobalSection
	GlobalSection(ProjectConfigurationPlatforms) = postSolution
		{202FB5E3-8544-4021-8C66-C69D3E03EC40}.Debug|Any CPU.ActiveCfg = Debug|Any CPU
		{202FB5E3-8544-4021-8C66-C69D3E03EC40}.Debug|Any CPU.Build.0 = Debug|Any CPU
		{202FB5E3-8544-4021-8C66-C69D3E03EC40}.Release|Any CPU.ActiveCfg = Release|Any CPU
		{202FB5E3-8544-4021-8C66-C69D3E03EC40}.Release|Any CPU.Build.0 = Release|Any CPU
		{348CDF05-2E4C-4A92-B7DD-1881BB25E700}.Debug|Any CPU.ActiveCfg = Debug|Any CPU
		{348CDF05-2E4C-4A92-B7DD-1881BB25E700}.Debug|Any CPU.Build.0 = Debug|Any CPU
		{348CDF05-2E4C-4A92-B7DD-1881BB25E700}.Release|Any CPU.ActiveCfg = Release|Any CPU
		{348CDF05-2E4C-4A92-B7DD-1881BB25E700}.Release|Any CPU.Build.0 = Release|Any CPU
	EndGlobalSection
	GlobalSection(SolutionProperties) = preSolution
		HideSolutionNode = FALSE
	EndGlobalSection
	GlobalSection(ExtensibilityGlobals) = postSolution
		SolutionGuid = {FA9E2BBC-8600-4BFD-95E2-C239E0E04BDB}
	EndGlobalSection
EndGlobal
